
Microsoft Visual Studio Solution File, Format Version 12.00
# Visual Studio Version 16
VisualStudioVersion = 16.0.31205.134
MinimumVisualStudioVersion = 10.0.40219.1
Project("{FAE04EC0-301F-11D3-BF4B-00C04F79EFBC}") = "JCED.Unpacker", "JCED.Unpacker\JCED.Unpacker.csproj", "{C3B27338-A8C1-4B40-B956-9CC5DE55F02B}"
EndProject
Global
	GlobalSection(SolutionConfigurationPlatforms) = preSolution
		Debug|Any CPU = Debug|Any CPU
		Release|Any CPU = Release|Any CPU
	EndGlobalSection
	GlobalSection(ProjectConfigurationPlatforms) = postSolution
		{C3B27338-A8C1-4B40-B956-9CC5DE55F02B}.Debug|Any CPU.ActiveCfg = Debug|Any CPU
		{C3B27338-A8C1-4B40-B956-9CC5DE55F02B}.Debug|Any CPU.Build.0 = Debug|Any CPU
		{C3B27338-A8C1-4B40-B956-9CC5DE55F02B}.Release|Any CPU.ActiveCfg = Release|Any CPU
		{C3B27338-A8C1-4B40-B956-9CC5DE55F02B}.Release|Any CPU.Build.0 = Release|Any CPU
	EndGlobalSection
	GlobalSection(SolutionProperties) = preSolution
		HideSolutionNode = FALSE
	EndGlobalSection
	GlobalSection(ExtensibilityGlobals) = postSolution
		SolutionGuid = {09D0ADB3-44CC-42C2-A553-052C4273FC09}
	EndGlobalSection
EndGlobal
